
Microsoft Visual Studio Solution File, Format Version 12.00
# Visual Studio Version 17
VisualStudioVersion = 17.7.34031.279
MinimumVisualStudioVersion = 10.0.40219.1
Project("{9092AA53-FB77-4645-B42D-1CCCA6BD08BD}") = "azure-devops-api-kms", "azure-devops-api-kms.njsproj", "{266968D6-9F33-4660-B093-A81071238625}"
EndProject
Global
	GlobalSection(SolutionConfigurationPlatforms) = preSolution
		Debug|Any CPU = Debug|Any CPU
		Release|Any CPU = Release|Any CPU
	EndGlobalSection
	GlobalSection(ProjectConfigurationPlatforms) = postSolution
		{266968D6-9F33-4660-B093-A81071238625}.Debug|Any CPU.ActiveCfg = Debug|Any CPU
		{266968D6-9F33-4660-B093-A81071238625}.Debug|Any CPU.Build.0 = Debug|Any CPU
		{266968D6-9F33-4660-B093-A81071238625}.Release|Any CPU.ActiveCfg = Release|Any CPU
		{266968D6-9F33-4660-B093-A81071238625}.Release|Any CPU.Build.0 = Release|Any CPU
	EndGlobalSection
	GlobalSection(SolutionProperties) = preSolution
		HideSolutionNode = FALSE
	EndGlobalSection
	GlobalSection(ExtensibilityGlobals) = postSolution
		SolutionGuid = {24CCFF98-6126-4F1C-8C0F-0364978961B8}
	EndGlobalSection
EndGlobal
